
Microsoft Visual Studio Solution File, Format Version 12.00
# Visual Studio 14
VisualStudioVersion = 14.0.25123.0
MinimumVisualStudioVersion = 10.0.40219.1
Project("{FAE04EC0-301F-11D3-BF4B-00C04F79EFBC}") = "Grouping_Tax_Rates", "Grouping_Tax_Rates.csproj", "{A1E87E28-D825-4796-BA6A-645FE61C9881}"
EndProject
Global
	GlobalSection(SolutionConfigurationPlatforms) = preSolution
		Debug|Any CPU = Debug|Any CPU
		Release|Any CPU = Release|Any CPU
	EndGlobalSection
	GlobalSection(ProjectConfigurationPlatforms) = postSolution
		{A1E87E28-D825-4796-BA6A-645FE61C9881}.Debug|Any CPU.ActiveCfg = Debug|Any CPU
		{A1E87E28-D825-4796-BA6A-645FE61C9881}.Debug|Any CPU.Build.0 = Debug|Any CPU
		{A1E87E28-D825-4796-BA6A-645FE61C9881}.Release|Any CPU.ActiveCfg = Release|Any CPU
		{A1E87E28-D825-4796-BA6A-645FE61C9881}.Release|Any CPU.Build.0 = Release|Any CPU
	EndGlobalSection
	GlobalSection(SolutionProperties) = preSolution
		HideSolutionNode = FALSE
	EndGlobalSection
EndGlobal
